
Microsoft Visual Studio Solution File, Format Version 11.00
# Visual Studio 2010
Project("{FAE04EC0-301F-11D3-BF4B-00C04F79EFBC}") = "Assembly-CSharp", "Assembly-CSharp.csproj", "{901D60BB-9278-36A4-8FF0-CCEE67ED5F75}"
EndProject
Project("{FAE04EC0-301F-11D3-BF4B-00C04F79EFBC}") = "Assembly-CSharp-Editor", "Assembly-CSharp-Editor.csproj", "{D66D7E73-CF7B-10B2-DD81-C5DC367DBF3B}"
EndProject
Global
	GlobalSection(SolutionConfigurationPlatforms) = preSolution
		Debug|Any CPU = Debug|Any CPU
		Release|Any CPU = Release|Any CPU
	EndGlobalSection
	GlobalSection(ProjectConfigurationPlatforms) = postSolution
		{901D60BB-9278-36A4-8FF0-CCEE67ED5F75}.Debug|Any CPU.ActiveCfg = Debug|Any CPU
		{901D60BB-9278-36A4-8FF0-CCEE67ED5F75}.Debug|Any CPU.Build.0 = Debug|Any CPU
		{901D60BB-9278-36A4-8FF0-CCEE67ED5F75}.Release|Any CPU.ActiveCfg = Release|Any CPU
		{901D60BB-9278-36A4-8FF0-CCEE67ED5F75}.Release|Any CPU.Build.0 = Release|Any CPU
		{D66D7E73-CF7B-10B2-DD81-C5DC367DBF3B}.Debug|Any CPU.ActiveCfg = Debug|Any CPU
		{D66D7E73-CF7B-10B2-DD81-C5DC367DBF3B}.Debug|Any CPU.Build.0 = Debug|Any CPU
		{D66D7E73-CF7B-10B2-DD81-C5DC367DBF3B}.Release|Any CPU.ActiveCfg = Release|Any CPU
		{D66D7E73-CF7B-10B2-DD81-C5DC367DBF3B}.Release|Any CPU.Build.0 = Release|Any CPU
	EndGlobalSection
	GlobalSection(SolutionProperties) = preSolution
		HideSolutionNode = FALSE
	EndGlobalSection
EndGlobal
